
Microsoft Visual Studio Solution File, Format Version 12.00
# Visual Studio Version 17
VisualStudioVersion = 17.2.32616.157
MinimumVisualStudioVersion = 10.0.40219.1
Project("{9A19103F-16F7-4668-BE54-9A1E7A4F7556}") = "Cliente", "Cliente\Cliente.csproj", "{12EACCE9-4EE1-4934-9A1D-91A4175C1272}"
EndProject
Project("{FAE04EC0-301F-11D3-BF4B-00C04F79EFBC}") = "Developer", "Developer\Developer.csproj", "{90CE9953-F3A7-4F69-A18C-C2476399D3FA}"
EndProject
Project("{2150E333-8FDC-42A3-9474-1A3956D46DE8}") = "Solution Items", "Solution Items", "{DB842C99-7801-4DE3-8CD1-3215EEDEAB05}"
	ProjectSection(SolutionItems) = preProject
		TextFile1.txt = TextFile1.txt
	EndProjectSection
EndProject
Global
	GlobalSection(SolutionConfigurationPlatforms) = preSolution
		Debug|Any CPU = Debug|Any CPU
		Release|Any CPU = Release|Any CPU
	EndGlobalSection
	GlobalSection(ProjectConfigurationPlatforms) = postSolution
		{12EACCE9-4EE1-4934-9A1D-91A4175C1272}.Debug|Any CPU.ActiveCfg = Debug|Any CPU
		{12EACCE9-4EE1-4934-9A1D-91A4175C1272}.Debug|Any CPU.Build.0 = Debug|Any CPU
		{12EACCE9-4EE1-4934-9A1D-91A4175C1272}.Release|Any CPU.ActiveCfg = Release|Any CPU
		{12EACCE9-4EE1-4934-9A1D-91A4175C1272}.Release|Any CPU.Build.0 = Release|Any CPU
		{90CE9953-F3A7-4F69-A18C-C2476399D3FA}.Debug|Any CPU.ActiveCfg = Debug|Any CPU
		{90CE9953-F3A7-4F69-A18C-C2476399D3FA}.Debug|Any CPU.Build.0 = Debug|Any CPU
		{90CE9953-F3A7-4F69-A18C-C2476399D3FA}.Release|Any CPU.ActiveCfg = Release|Any CPU
		{90CE9953-F3A7-4F69-A18C-C2476399D3FA}.Release|Any CPU.Build.0 = Release|Any CPU
	EndGlobalSection
	GlobalSection(SolutionProperties) = preSolution
		HideSolutionNode = FALSE
	EndGlobalSection
	GlobalSection(ExtensibilityGlobals) = postSolution
		SolutionGuid = {B3165CCC-0E2B-43BB-9ECA-3D5F5C787581}
	EndGlobalSection
EndGlobal
